// !$*UTF8*$!
{
	archiveVersion = 1;
	classes = {
	};
	objectVersion = 50;
	objects = {

/* Begin PBXBuildFile section */
		8A4E62352654EC4000F58359 /* AppDelegate.swift in Sources */ = {isa = PBXBuildFile; fileRef = 8A4E62342654EC4000F58359 /* AppDelegate.swift */; };
		8A4E623B2654EC4000F58359 /* GameScene.swift in Sources */ = {isa = PBXBuildFile; fileRef = 8A4E623A2654EC4000F58359 /* GameScene.swift */; };
		8A4E623D2654EC4000F58359 /* GameViewController.swift in Sources */ = {isa = PBXBuildFile; fileRef = 8A4E623C2654EC4000F58359 /* GameViewController.swift */; };
		8A4E62402654EC4000F58359 /* Main.storyboard in Resources */ = {isa = PBXBuildFile; fileRef = 8A4E623E2654EC4000F58359 /* Main.storyboard */; };
		8A4E62422654EC4100F58359 /* Assets.xcassets in Resources */ = {isa = PBXBuildFile; fileRef = 8A4E62412654EC4100F58359 /* Assets.xcassets */; };
		8A4E6266265514C600F58359 /* Apple.swift in Sources */ = {isa = PBXBuildFile; fileRef = 8A4E6265265514C600F58359 /* Apple.swift */; };
		8A4E626826551A3200F58359 /* SnakeBodyPart.swift in Sources */ = {isa = PBXBuildFile; fileRef = 8A4E626726551A3200F58359 /* SnakeBodyPart.swift */; };
		8A4E626A26551C8F00F58359 /* SnakeHead.swift in Sources */ = {isa = PBXBuildFile; fileRef = 8A4E626926551C8F00F58359 /* SnakeHead.swift */; };
		8A4E626C26551D8000F58359 /* Snake.swift in Sources */ = {isa = PBXBuildFile; fileRef = 8A4E626B26551D8000F58359 /* Snake.swift */; };
/* End PBXBuildFile section */

/* Begin PBXContainerItemProxy section */
		8A4E62492654EC4100F58359 /* PBXContainerItemProxy */ = {
			isa = PBXContainerItemProxy;
			containerPortal = 8A4E62292654EC4000F58359 /* Project object */;
			proxyType = 1;
			remoteGlobalIDString = 8A4E62302654EC4000F58359;
			remoteInfo = Snake;
		};
		8A4E62542654EC4100F58359 /* PBXContainerItemProxy */ = {
			isa = PBXContainerItemProxy;
			containerPortal = 8A4E62292654EC4000F58359 /* Project object */;
			proxyType = 1;
			remoteGlobalIDString = 8A4E62302654EC4000F58359;
			remoteInfo = Snake;
		};
/* End PBXContainerItemProxy section */

/* Begin PBXFileReference section */
		8A4E62312654EC4000F58359 /* Snake.app */ = {isa = PBXFileReference; explicitFileType = wrapper.application; includeInIndex = 0; path = Snake.app; sourceTree = BUILT_PRODUCTS_DIR; };
		8A4E62342654EC4000F58359 /* AppDelegate.swift */ = {isa = PBXFileReference; lastKnownFileType = sourcecode.swift; path = AppDelegate.swift; sourceTree = "<group>"; };
		8A4E623A2654EC4000F58359 /* GameScene.swift */ = {isa = PBXFileReference; lastKnownFileType = sourcecode.swift; path = GameScene.swift; sourceTree = "<group>"; };
		8A4E623C2654EC4000F58359 /* GameViewController.swift */ = {isa = PBXFileReference; lastKnownFileType = sourcecode.swift; path = GameViewController.swift; sourceTree = "<group>"; };
		8A4E623F2654EC4000F58359 /* Base */ = {isa = PBXFileReference; lastKnownFileType = file.storyboard; name = Base; path = Base.lproj/Main.storyboard; sourceTree = "<group>"; };
		8A4E62412654EC4100F58359 /* Assets.xcassets */ = {isa = PBXFileReference; lastKnownFileType = folder.assetcatalog; path = Assets.xcassets; sourceTree = "<group>"; };
		8A4E62432654EC4100F58359 /* Info.plist */ = {isa = PBXFileReference; lastKnownFileType = text.plist.xml; path = Info.plist; sourceTree = "<group>"; };
		8A4E62482654EC4100F58359 /* SnakeTests.xctest */ = {isa = PBXFileReference; explicitFileType = wrapper.cfbundle; includeInIndex = 0; path = SnakeTests.xctest; sourceTree = BUILT_PRODUCTS_DIR; };
		8A4E62532654EC4100F58359 /* SnakeUITests.xctest */ = {isa = PBXFileReference; explicitFileType = wrapper.cfbundle; includeInIndex = 0; path = SnakeUITests.xctest; sourceTree = BUILT_PRODUCTS_DIR; };
		8A4E6265265514C600F58359 /* Apple.swift */ = {isa = PBXFileReference; lastKnownFileType = sourcecode.swift; path = Apple.swift; sourceTree = "<group>"; };
		8A4E626726551A3200F58359 /* SnakeBodyPart.swift */ = {isa = PBXFileReference; lastKnownFileType = sourcecode.swift; path = SnakeBodyPart.swift; sourceTree = "<group>"; };
		8A4E626926551C8F00F58359 /* SnakeHead.swift */ = {isa = PBXFileReference; lastKnownFileType = sourcecode.swift; path = SnakeHead.swift; sourceTree = "<group>"; };
		8A4E626B26551D8000F58359 /* Snake.swift */ = {isa = PBXFileReference; lastKnownFileType = sourcecode.swift; path = Snake.swift; sourceTree = "<group>"; };
/* End PBXFileReference section */

/* Begin PBXFrameworksBuildPhase section */
		8A4E622E2654EC4000F58359 /* Frameworks */ = {
			isa = PBXFrameworksBuildPhase;
			buildActionMask = 2147483647;
			files = (
			);
			runOnlyForDeploymentPostprocessing = 0;
		};
		8A4E62452654EC4100F58359 /* Frameworks */ = {
			isa = PBXFrameworksBuildPhase;
			buildActionMask = 2147483647;
			files = (
			);
			runOnlyForDeploymentPostprocessing = 0;
		};
		8A4E62502654EC4100F58359 /* Frameworks */ = {
			isa = PBXFrameworksBuildPhase;
			buildActionMask = 2147483647;
			files = (
			);
			runOnlyForDeploymentPostprocessing = 0;
		};
/* End PBXFrameworksBuildPhase section */

/* Begin PBXGroup section */
		8A4E62282654EC4000F58359 = {
			isa = PBXGroup;
			children = (
				8A4E62332654EC4000F58359 /* Snake */,
				8A4E62322654EC4000F58359 /* Products */,
			);
			sourceTree = "<group>";
		};
		8A4E62322654EC4000F58359 /* Products */ = {
			isa = PBXGroup;
			children = (
				8A4E62312654EC4000F58359 /* Snake.app */,
				8A4E62482654EC4100F58359 /* SnakeTests.xctest */,
				8A4E62532654EC4100F58359 /* SnakeUITests.xctest */,
			);
			name = Products;
			sourceTree = "<group>";
		};
		8A4E62332654EC4000F58359 /* Snake */ = {
			isa = PBXGroup;
			children = (
				8A4E62342654EC4000F58359 /* AppDelegate.swift */,
				8A4E623A2654EC4000F58359 /* GameScene.swift */,
				8A4E623C2654EC4000F58359 /* GameViewController.swift */,
				8A4E623E2654EC4000F58359 /* Main.storyboard */,
				8A4E62412654EC4100F58359 /* Assets.xcassets */,
				8A4E62432654EC4100F58359 /* Info.plist */,
				8A4E6265265514C600F58359 /* Apple.swift */,
				8A4E626D26551D9A00F58359 /* Snake */,
			);
			path = Snake;
			sourceTree = "<group>";
		};
		8A4E626D26551D9A00F58359 /* Snake */ = {
			isa = PBXGroup;
			children = (
				8A4E626726551A3200F58359 /* SnakeBodyPart.swift */,
				8A4E626B26551D8000F58359 /* Snake.swift */,
				8A4E626926551C8F00F58359 /* SnakeHead.swift */,
			);
			path = Snake;
			sourceTree = "<group>";
		};
/* End PBXGroup section */

/* Begin PBXNativeTarget section */
		8A4E62302654EC4000F58359 /* Snake */ = {
			isa = PBXNativeTarget;
			buildConfigurationList = 8A4E625C2654EC4100F58359 /* Build configuration list for PBXNativeTarget "Snake" */;
			buildPhases = (
				8A4E622D2654EC4000F58359 /* Sources */,
				8A4E622E2654EC4000F58359 /* Frameworks */,
				8A4E622F2654EC4000F58359 /* Resources */,
			);
			buildRules = (
			);
			dependencies = (
			);
			name = Snake;
			productName = Snake;
			productReference = 8A4E62312654EC4000F58359 /* Snake.app */;
			productType = "com.apple.product-type.application";
		};
		8A4E62472654EC4100F58359 /* SnakeTests */ = {
			isa = PBXNativeTarget;
			buildConfigurationList = 8A4E625F2654EC4100F58359 /* Build configuration list for PBXNativeTarget "SnakeTests" */;
			buildPhases = (
				8A4E62442654EC4100F58359 /* Sources */,
				8A4E62452654EC4100F58359 /* Frameworks */,
				8A4E62462654EC4100F58359 /* Resources */,
			);
			buildRules = (
			);
			dependencies = (
				8A4E624A2654EC4100F58359 /* PBXTargetDependency */,
			);
			name = SnakeTests;
			productName = SnakeTests;
			productReference = 8A4E62482654EC4100F58359 /* SnakeTests.xctest */;
			productType = "com.apple.product-type.bundle.unit-test";
		};
		8A4E62522654EC4100F58359 /* SnakeUITests */ = {
			isa = PBXNativeTarget;
			buildConfigurationList = 8A4E62622654EC4100F58359 /* Build configuration list for PBXNativeTarget "SnakeUITests" */;
			buildPhases = (
				8A4E624F2654EC4100F58359 /* Sources */,
				8A4E62502654EC4100F58359 /* Frameworks */,
				8A4E62512654EC4100F58359 /* Resources */,
			);
			buildRules = (
			);
			dependencies = (
				8A4E62552654EC4100F58359 /* PBXTargetDependency */,
			);
			name = SnakeUITests;
			productName = SnakeUITests;
			productReference = 8A4E62532654EC4100F58359 /* SnakeUITests.xctest */;
			productType = "com.apple.product-type.bundle.ui-testing";
		};
/* End PBXNativeTarget section */

/* Begin PBXProject section */
		8A4E62292654EC4000F58359 /* Project object */ = {
			isa = PBXProject;
			attributes = {
				LastSwiftUpdateCheck = 1250;
				LastUpgradeCheck = 1250;
				TargetAttributes = {
					8A4E62302654EC4000F58359 = {
						CreatedOnToolsVersion = 12.5;
					};
					8A4E62472654EC4100F58359 = {
						CreatedOnToolsVersion = 12.5;
						TestTargetID = 8A4E62302654EC4000F58359;
					};
					8A4E62522654EC4100F58359 = {
						CreatedOnToolsVersion = 12.5;
						TestTargetID = 8A4E62302654EC4000F58359;
					};
				};
			};
			buildConfigurationList = 8A4E622C2654EC4000F58359 /* Build configuration list for PBXProject "Snake" */;
			compatibilityVersion = "Xcode 9.3";
			developmentRegion = en;
			hasScannedForEncodings = 0;
			knownRegions = (
				en,
				Base,
			);
			mainGroup = 8A4E62282654EC4000F58359;
			productRefGroup = 8A4E62322654EC4000F58359 /* Products */;
			projectDirPath = "";
			projectRoot = "";
			targets = (
				8A4E62302654EC4000F58359 /* Snake */,
				8A4E62472654EC4100F58359 /* SnakeTests */,
				8A4E62522654EC4100F58359 /* SnakeUITests */,
			);
		};
/* End PBXProject section */

/* Begin PBXResourcesBuildPhase section */
		8A4E622F2654EC4000F58359 /* Resources */ = {
			isa = PBXResourcesBuildPhase;
			buildActionMask = 2147483647;
			files = (
				8A4E62402654EC4000F58359 /* Main.storyboard in Resources */,
				8A4E62422654EC4100F58359 /* Assets.xcassets in Resources */,
			);
			runOnlyForDeploymentPostprocessing = 0;
		};
		8A4E62462654EC4100F58359 /* Resources */ = {
			isa = PBXResourcesBuildPhase;
			buildActionMask = 2147483647;
			files = (
			);
			runOnlyForDeploymentPostprocessing = 0;
		};
		8A4E62512654EC4100F58359 /* Resources */ = {
			isa = PBXResourcesBuildPhase;
			buildActionMask = 2147483647;
			files = (
			);
			runOnlyForDeploymentPostprocessing = 0;
		};
/* End PBXResourcesBuildPhase section */

/* Begin PBXSourcesBuildPhase section */
		8A4E622D2654EC4000F58359 /* Sources */ = {
			isa = PBXSourcesBuildPhase;
			buildActionMask = 2147483647;
			files = (
				8A4E626A26551C8F00F58359 /* SnakeHead.swift in Sources */,
				8A4E6266265514C600F58359 /* Apple.swift in Sources */,
				8A4E623B2654EC4000F58359 /* GameScene.swift in Sources */,
				8A4E623D2654EC4000F58359 /* GameViewController.swift in Sources */,
				8A4E626826551A3200F58359 /* SnakeBodyPart.swift in Sources */,
				8A4E626C26551D8000F58359 /* Snake.swift in Sources */,
				8A4E62352654EC4000F58359 /* AppDelegate.swift in Sources */,
			);
			runOnlyForDeploymentPostprocessing = 0;
		};
		8A4E62442654EC4100F58359 /* Sources */ = {
			isa = PBXSourcesBuildPhase;
			buildActionMask = 2147483647;
			files = (
			);
			runOnlyForDeploymentPostprocessing = 0;
		};
		8A4E624F2654EC4100F58359 /* Sources */ = {
			isa = PBXSourcesBuildPhase;
			buildActionMask = 2147483647;
			files = (
			);
			runOnlyForDeploymentPostprocessing = 0;
		};
/* End PBXSourcesBuildPhase section */

/* Begin PBXTargetDependency section */
		8A4E624A2654EC4100F58359 /* PBXTargetDependency */ = {
			isa = PBXTargetDependency;
			target = 8A4E62302654EC4000F58359 /* Snake */;
			targetProxy = 8A4E62492654EC4100F58359 /* PBXContainerItemProxy */;
		};
		8A4E62552654EC4100F58359 /* PBXTargetDependency */ = {
			isa = PBXTargetDependency;
			target = 8A4E62302654EC4000F58359 /* Snake */;
			targetProxy = 8A4E62542654EC4100F58359 /* PBXContainerItemProxy */;
		};
/* End PBXTargetDependency section */

/* Begin PBXVariantGroup section */
		8A4E623E2654EC4000F58359 /* Main.storyboard */ = {
			isa = PBXVariantGroup;
			children = (
				8A4E623F2654EC4000F58359 /* Base */,
			);
			name = Main.storyboard;
			sourceTree = "<group>";
		};
/* End PBXVariantGroup section */

/* Begin XCBuildConfiguration section */
		8A4E625A2654EC4100F58359 /* Debug */ = {
			isa = XCBuildConfiguration;
			buildSettings = {
				ALWAYS_SEARCH_USER_PATHS = NO;
				CLANG_ANALYZER_NONNULL = YES;
				CLANG_ANALYZER_NUMBER_OBJECT_CONVERSION = YES_AGGRESSIVE;
				CLANG_CXX_LANGUAGE_STANDARD = "gnu++14";
				CLANG_CXX_LIBRARY = "libc++";
				CLANG_ENABLE_MODULES = YES;
				CLANG_ENABLE_OBJC_ARC = YES;
				CLANG_ENABLE_OBJC_WEAK = YES;
				CLANG_WARN_BLOCK_CAPTURE_AUTORELEASING = YES;
				CLANG_WARN_BOOL_CONVERSION = YES;
				CLANG_WARN_COMMA = YES;
				CLANG_WARN_CONSTANT_CONVERSION = YES;
				CLANG_WARN_DEPRECATED_OBJC_IMPLEMENTATIONS = YES;
				CLANG_WARN_DIRECT_OBJC_ISA_USAGE = YES_ERROR;
				CLANG_WARN_DOCUMENTATION_COMMENTS = YES;
				CLANG_WARN_EMPTY_BODY = YES;
				CLANG_WARN_ENUM_CONVERSION = YES;
				CLANG_WARN_INFINITE_RECURSION = YES;
				CLANG_WARN_INT_CONVERSION = YES;
				CLANG_WARN_NON_LITERAL_NULL_CONVERSION = YES;
				CLANG_WARN_OBJC_IMPLICIT_RETAIN_SELF = YES;
				CLANG_WARN_OBJC_LITERAL_CONVERSION = YES;
				CLANG_WARN_OBJC_ROOT_CLASS = YES_ERROR;
				CLANG_WARN_QUOTED_INCLUDE_IN_FRAMEWORK_HEADER = YES;
				CLANG_WARN_RANGE_LOOP_ANALYSIS = YES;
				CLANG_WARN_STRICT_PROTOTYPES = YES;
				CLANG_WARN_SUSPICIOUS_MOVE = YES;
				CLANG_WARN_UNGUARDED_AVAILABILITY = YES_AGGRESSIVE;
				CLANG_WARN_UNREACHABLE_CODE = YES;
				CLANG_WARN__DUPLICATE_METHOD_MATCH = YES;
				COPY_PHASE_STRIP = NO;
				DEBUG_INFORMATION_FORMAT = dwarf;
				ENABLE_STRICT_OBJC_MSGSEND = YES;
				ENABLE_TESTABILITY = YES;
				GCC_C_LANGUAGE_STANDARD = gnu11;
				GCC_DYNAMIC_NO_PIC = NO;
				GCC_NO_COMMON_BLOCKS = YES;
				GCC_OPTIMIZATION_LEVEL = 0;
				GCC_PREPROCESSOR_DEFINITIONS = (
					"DEBUG=1",
					"$(inherited)",
				);
				GCC_WARN_64_TO_32_BIT_CONVERSION = YES;
				GCC_WARN_ABOUT_RETURN_TYPE = YES_ERROR;
				GCC_WARN_UNDECLARED_SELECTOR = YES;
				GCC_WARN_UNINITIALIZED_AUTOS = YES_AGGRESSIVE;
				GCC_WARN_UNUSED_FUNCTION = YES;
				GCC_WARN_UNUSED_VARIABLE = YES;
				IPHONEOS_DEPLOYMENT_TARGET = 14.5;
				MTL_ENABLE_DEBUG_INFO = INCLUDE_SOURCE;
				MTL_FAST_MATH = YES;
				ONLY_ACTIVE_ARCH = YES;
				SDKROOT = iphoneos;
				SWIFT_ACTIVE_COMPILATION_CONDITIONS = DEBUG;
				SWIFT_OPTIMIZATION_LEVEL = "-Onone";
			};
			name = Debug;
		};
		8A4E625B2654EC4100F58359 /* Release */ = {
			isa = XCBuildConfiguration;
			buildSettings = {
				ALWAYS_SEARCH_USER_PATHS = NO;
				CLANG_ANALYZER_NONNULL = YES;
				CLANG_ANALYZER_NUMBER_OBJECT_CONVERSION = YES_AGGRESSIVE;
				CLANG_CXX_LANGUAGE_STANDARD = "gnu++14";
				CLANG_CXX_LIBRARY = "libc++";
				CLANG_ENABLE_MODULES = YES;
				CLANG_ENABLE_OBJC_ARC = YES;
				CLANG_ENABLE_OBJC_WEAK = YES;
				CLANG_WARN_BLOCK_CAPTURE_AUTORELEASING = YES;
				CLANG_WARN_BOOL_CONVERSION = YES;
				CLANG_WARN_COMMA = YES;
				CLANG_WARN_CONSTANT_CONVERSION = YES;
				CLANG_WARN_DEPRECATED_OBJC_IMPLEMENTATIONS = YES;
				CLANG_WARN_DIRECT_OBJC_ISA_USAGE = YES_ERROR;
				CLANG_WARN_DOCUMENTATION_COMMENTS = YES;
				CLANG_WARN_EMPTY_BODY = YES;
				CLANG_WARN_ENUM_CONVERSION = YES;
				CLANG_WARN_INFINITE_RECURSION = YES;
				CLANG_WARN_INT_CONVERSION = YES;
				CLANG_WARN_NON_LITERAL_NULL_CONVERSION = YES;
				CLANG_WARN_OBJC_IMPLICIT_RETAIN_SELF = YES;
				CLANG_WARN_OBJC_LITERAL_CONVERSION = YES;
				CLANG_WARN_OBJC_ROOT_CLASS = YES_ERROR;
				CLANG_WARN_QUOTED_INCLUDE_IN_FRAMEWORK_HEADER = YES;
				CLANG_WARN_RANGE_LOOP_ANALYSIS = YES;
				CLANG_WARN_STRICT_PROTOTYPES = YES;
				CLANG_WARN_SUSPICIOUS_MOVE = YES;
				CLANG_WARN_UNGUARDED_AVAILABILITY = YES_AGGRESSIVE;
				CLANG_WARN_UNREACHABLE_CODE = YES;
				CLANG_WARN__DUPLICATE_METHOD_MATCH = YES;
				COPY_PHASE_STRIP = NO;
				DEBUG_INFORMATION_FORMAT = "dwarf-with-dsym";
				ENABLE_NS_ASSERTIONS = NO;
				ENABLE_STRICT_OBJC_MSGSEND = YES;
				GCC_C_LANGUAGE_STANDARD = gnu11;
				GCC_NO_COMMON_BLOCKS = YES;
				GCC_WARN_64_TO_32_BIT_CONVERSION = YES;
				GCC_WARN_ABOUT_RETURN_TYPE = YES_ERROR;
				GCC_WARN_UNDECLARED_SELECTOR = YES;
				GCC_WARN_UNINITIALIZED_AUTOS = YES_AGGRESSIVE;
				GCC_WARN_UNUSED_FUNCTION = YES;
				GCC_WARN_UNUSED_VARIABLE = YES;
				IPHONEOS_DEPLOYMENT_TARGET = 14.5;
				MTL_ENABLE_DEBUG_INFO = NO;
				MTL_FAST_MATH = YES;
				SDKROOT = iphoneos;
				SWIFT_COMPILATION_MODE = wholemodule;
				SWIFT_OPTIMIZATION_LEVEL = "-O";
				VALIDATE_PRODUCT = YES;
			};
			name = Release;
		};
		8A4E625D2654EC4100F58359 /* Debug */ = {
			isa = XCBuildConfiguration;
			buildSettings = {
				ASSETCATALOG_COMPILER_APPICON_NAME = AppIcon;
				ASSETCATALOG_COMPILER_GLOBAL_ACCENT_COLOR_NAME = AccentColor;
				CODE_SIGN_STYLE = Automatic;
				DEVELOPMENT_TEAM = R7MR68GQPL;
				INFOPLIST_FILE = Snake/Info.plist;
				LD_RUNPATH_SEARCH_PATHS = (
					"$(inherited)",
					"@executable_path/Frameworks",
				);
				PRODUCT_BUNDLE_IDENTIFIER = ru.vgv.Snake;
				PRODUCT_NAME = "$(TARGET_NAME)";
				SWIFT_VERSION = 5.0;
				TARGETED_DEVICE_FAMILY = "1,2";
			};
			name = Debug;
		};
		8A4E625E2654EC4100F58359 /* Release */ = {
			isa = XCBuildConfiguration;
			buildSettings = {
				ASSETCATALOG_COMPILER_APPICON_NAME = AppIcon;
				ASSETCATALOG_COMPILER_GLOBAL_ACCENT_COLOR_NAME = AccentColor;
				CODE_SIGN_STYLE = Automatic;
				DEVELOPMENT_TEAM = R7MR68GQPL;
				INFOPLIST_FILE = Snake/Info.plist;
				LD_RUNPATH_SEARCH_PATHS = (
					"$(inherited)",
					"@executable_path/Frameworks",
				);
				PRODUCT_BUNDLE_IDENTIFIER = ru.vgv.Snake;
				PRODUCT_NAME = "$(TARGET_NAME)";
				SWIFT_VERSION = 5.0;
				TARGETED_DEVICE_FAMILY = "1,2";
			};
			name = Release;
		};
		8A4E62602654EC4100F58359 /* Debug */ = {
			isa = XCBuildConfiguration;
			buildSettings = {
				ALWAYS_EMBED_SWIFT_STANDARD_LIBRARIES = YES;
				BUNDLE_LOADER = "$(TEST_HOST)";
				CODE_SIGN_STYLE = Automatic;
				DEVELOPMENT_TEAM = R7MR68GQPL;
				INFOPLIST_FILE = SnakeTests/Info.plist;
				IPHONEOS_DEPLOYMENT_TARGET = 14.5;
				LD_RUNPATH_SEARCH_PATHS = (
					"$(inherited)",
					"@executable_path/Frameworks",
					"@loader_path/Frameworks",
				);
				PRODUCT_BUNDLE_IDENTIFIER = ru.vgv.SnakeTests;
				PRODUCT_NAME = "$(TARGET_NAME)";
				SWIFT_VERSION = 5.0;
				TARGETED_DEVICE_FAMILY = "1,2";
				TEST_HOST = "$(BUILT_PRODUCTS_DIR)/Snake.app/Snake";
			};
			name = Debug;
		};
		8A4E62612654EC4100F58359 /* Release */ = {
			isa = XCBuildConfiguration;
			buildSettings = {
				ALWAYS_EMBED_SWIFT_STANDARD_LIBRARIES = YES;
				BUNDLE_LOADER = "$(TEST_HOST)";
				CODE_SIGN_STYLE = Automatic;
				DEVELOPMENT_TEAM = R7MR68GQPL;
				INFOPLIST_FILE = SnakeTests/Info.plist;
				IPHONEOS_DEPLOYMENT_TARGET = 14.5;
				LD_RUNPATH_SEARCH_PATHS = (
					"$(inherited)",
					"@executable_path/Frameworks",
					"@loader_path/Frameworks",
				);
				PRODUCT_BUNDLE_IDENTIFIER = ru.vgv.SnakeTests;
				PRODUCT_NAME = "$(TARGET_NAME)";
				SWIFT_VERSION = 5.0;
				TARGETED_DEVICE_FAMILY = "1,2";
				TEST_HOST = "$(BUILT_PRODUCTS_DIR)/Snake.app/Snake";
			};
			name = Release;
		};
		8A4E62632654EC4100F58359 /* Debug */ = {
			isa = XCBuildConfiguration;
			buildSettings = {
				ALWAYS_EMBED_SWIFT_STANDARD_LIBRARIES = YES;
				CODE_SIGN_STYLE = Automatic;
				DEVELOPMENT_TEAM = R7MR68GQPL;
				INFOPLIST_FILE = SnakeUITests/Info.plist;
				LD_RUNPATH_SEARCH_PATHS = (
					"$(inherited)",
					"@executable_path/Frameworks",
					"@loader_path/Frameworks",
				);
				PRODUCT_BUNDLE_IDENTIFIER = ru.vgv.SnakeUITests;
				PRODUCT_NAME = "$(TARGET_NAME)";
				SWIFT_VERSION = 5.0;
				TARGETED_DEVICE_FAMILY = "1,2";
				TEST_TARGET_NAME = Snake;
			};
			name = Debug;
		};
		8A4E62642654EC4100F58359 /* Release */ = {
			isa = XCBuildConfiguration;
			buildSettings = {
				ALWAYS_EMBED_SWIFT_STANDARD_LIBRARIES = YES;
				CODE_SIGN_STYLE = Automatic;
				DEVELOPMENT_TEAM = R7MR68GQPL;
				INFOPLIST_FILE = SnakeUITests/Info.plist;
				LD_RUNPATH_SEARCH_PATHS = (
					"$(inherited)",
					"@executable_path/Frameworks",
					"@loader_path/Frameworks",
				);
				PRODUCT_BUNDLE_IDENTIFIER = ru.vgv.SnakeUITests;
				PRODUCT_NAME = "$(TARGET_NAME)";
				SWIFT_VERSION = 5.0;
				TARGETED_DEVICE_FAMILY = "1,2";
				TEST_TARGET_NAME = Snake;
			};
			name = Release;
		};
/* End XCBuildConfiguration section */

/* Begin XCConfigurationList section */
		8A4E622C2654EC4000F58359 /* Build configuration list for PBXProject "Snake" */ = {
			isa = XCConfigurationList;
			buildConfigurations = (
				8A4E625A2654EC4100F58359 /* Debug */,
				8A4E625B2654EC4100F58359 /* Release */,
			);
			defaultConfigurationIsVisible = 0;
			defaultConfigurationName = Release;
		};
		8A4E625C2654EC4100F58359 /* Build configuration list for PBXNativeTarget "Snake" */ = {
			isa = XCConfigurationList;
			buildConfigurations = (
				8A4E625D2654EC4100F58359 /* Debug */,
				8A4E625E2654EC4100F58359 /* Release */,
			);
			defaultConfigurationIsVisible = 0;
			defaultConfigurationName = Release;
		};
		8A4E625F2654EC4100F58359 /* Build configuration list for PBXNativeTarget "SnakeTests" */ = {
			isa = XCConfigurationList;
			buildConfigurations = (
				8A4E62602654EC4100F58359 /* Debug */,
				8A4E62612654EC4100F58359 /* Release */,
			);
			defaultConfigurationIsVisible = 0;
			defaultConfigurationName = Release;
		};
		8A4E62622654EC4100F58359 /* Build configuration list for PBXNativeTarget "SnakeUITests" */ = {
			isa = XCConfigurationList;
			buildConfigurations = (
				8A4E62632654EC4100F58359 /* Debug */,
				8A4E62642654EC4100F58359 /* Release */,
			);
			defaultConfigurationIsVisible = 0;
			defaultConfigurationName = Release;
		};
/* End XCConfigurationList section */
	};
	rootObject = 8A4E62292654EC4000F58359 /* Project object */;
}
